
Microsoft Visual Studio Solution File, Format Version 12.00
# Visual Studio Version 16
VisualStudioVersion = 16.0.30611.23
MinimumVisualStudioVersion = 10.0.40219.1
Project("{FAE04EC0-301F-11D3-BF4B-00C04F79EFBC}") = "QueueSample", "QueueSample\QueueSample.csproj", "{5A6016B6-905B-4470-B343-62D7F4A3D759}"
EndProject
Global
	GlobalSection(SolutionConfigurationPlatforms) = preSolution
		Debug|Any CPU = Debug|Any CPU
		Release|Any CPU = Release|Any CPU
	EndGlobalSection
	GlobalSection(ProjectConfigurationPlatforms) = postSolution
		{5A6016B6-905B-4470-B343-62D7F4A3D759}.Debug|Any CPU.ActiveCfg = Debug|Any CPU
		{5A6016B6-905B-4470-B343-62D7F4A3D759}.Debug|Any CPU.Build.0 = Debug|Any CPU
		{5A6016B6-905B-4470-B343-62D7F4A3D759}.Release|Any CPU.ActiveCfg = Release|Any CPU
		{5A6016B6-905B-4470-B343-62D7F4A3D759}.Release|Any CPU.Build.0 = Release|Any CPU
	EndGlobalSection
	GlobalSection(SolutionProperties) = preSolution
		HideSolutionNode = FALSE
	EndGlobalSection
	GlobalSection(ExtensibilityGlobals) = postSolution
		SolutionGuid = {8E59D1C8-2E42-4059-873B-499FB42BA19D}
	EndGlobalSection
EndGlobal
